
Microsoft Visual Studio Solution File, Format Version 12.00
# Visual Studio Version 16
VisualStudioVersion = 16.0.30523.141
MinimumVisualStudioVersion = 10.0.40219.1
Project("{FAE04EC0-301F-11D3-BF4B-00C04F79EFBC}") = "SystemProgrammingLesson2", "SystemProgrammingLesson2\SystemProgrammingLesson2.csproj", "{5661AF64-D7DA-4C9F-A573-3F7BBAFFDC2C}"
EndProject
Project("{FAE04EC0-301F-11D3-BF4B-00C04F79EFBC}") = "Task1WPF", "Task1WPF\Task1WPF.csproj", "{DBC56DA0-D9B3-4EEA-98E4-7F558805BA4B}"
EndProject
Project("{FAE04EC0-301F-11D3-BF4B-00C04F79EFBC}") = "Task4WPF", "Task4WPF\Task4WPF.csproj", "{3988A4C9-FFAD-4CA5-888A-28CB0E9FCE42}"
EndProject
Global
	GlobalSection(SolutionConfigurationPlatforms) = preSolution
		Debug|Any CPU = Debug|Any CPU
		Release|Any CPU = Release|Any CPU
	EndGlobalSection
	GlobalSection(ProjectConfigurationPlatforms) = postSolution
		{5661AF64-D7DA-4C9F-A573-3F7BBAFFDC2C}.Debug|Any CPU.ActiveCfg = Debug|Any CPU
		{5661AF64-D7DA-4C9F-A573-3F7BBAFFDC2C}.Debug|Any CPU.Build.0 = Debug|Any CPU
		{5661AF64-D7DA-4C9F-A573-3F7BBAFFDC2C}.Release|Any CPU.ActiveCfg = Release|Any CPU
		{5661AF64-D7DA-4C9F-A573-3F7BBAFFDC2C}.Release|Any CPU.Build.0 = Release|Any CPU
		{DBC56DA0-D9B3-4EEA-98E4-7F558805BA4B}.Debug|Any CPU.ActiveCfg = Debug|Any CPU
		{DBC56DA0-D9B3-4EEA-98E4-7F558805BA4B}.Debug|Any CPU.Build.0 = Debug|Any CPU
		{DBC56DA0-D9B3-4EEA-98E4-7F558805BA4B}.Release|Any CPU.ActiveCfg = Release|Any CPU
		{DBC56DA0-D9B3-4EEA-98E4-7F558805BA4B}.Release|Any CPU.Build.0 = Release|Any CPU
		{3988A4C9-FFAD-4CA5-888A-28CB0E9FCE42}.Debug|Any CPU.ActiveCfg = Debug|Any CPU
		{3988A4C9-FFAD-4CA5-888A-28CB0E9FCE42}.Debug|Any CPU.Build.0 = Debug|Any CPU
		{3988A4C9-FFAD-4CA5-888A-28CB0E9FCE42}.Release|Any CPU.ActiveCfg = Release|Any CPU
		{3988A4C9-FFAD-4CA5-888A-28CB0E9FCE42}.Release|Any CPU.Build.0 = Release|Any CPU
	EndGlobalSection
	GlobalSection(SolutionProperties) = preSolution
		HideSolutionNode = FALSE
	EndGlobalSection
	GlobalSection(ExtensibilityGlobals) = postSolution
		SolutionGuid = {5CF1EED4-EC4E-48EC-B223-5294D3ECAE7F}
	EndGlobalSection
EndGlobal
